// !$*UTF8*$!
{
	archiveVersion = 1;
	classes = {
	};
	objectVersion = 77;
	objects = {

/* Begin PBXBuildFile section */
		05B18A312FEBC3300056553A /* SwiftUtilities.framework in Frameworks */ = {isa = PBXBuildFile; fileRef = 05B18A2D2FEBC3250056553A /* SwiftUtilities.framework */; };
		05B18A332FEBC33C0056553A /* SwiftUtilities.framework in CopyFiles */ = {isa = PBXBuildFile; fileRef = 05B18A2D2FEBC3250056553A /* SwiftUtilities.framework */; settings = {ATTRIBUTES = (CodeSignOnCopy, RemoveHeadersOnCopy, ); }; };
		05E9759D2FEA719E0078F616 /* Assets.xcassets in Resources */ = {isa = PBXBuildFile; fileRef = 05E975972FEA719E0078F616 /* Assets.xcassets */; };
		0C00B6F6445A0BA13A337FFD /* AppModel.swift in Sources */ = {isa = PBXBuildFile; fileRef = 7A68D952B679C1705A9A2EC0 /* AppModel.swift */; };
		0C5B64778EAE45F24739D799 /* ProjectPathResolverTests.swift in Sources */ = {isa = PBXBuildFile; fileRef = 9108D9F3E8FD9EAB4C560ED3 /* ProjectPathResolverTests.swift */; };
		111D0CC491495DAE21B05A40 /* MemoriesTests.swift in Sources */ = {isa = PBXBuildFile; fileRef = E04C78C45E5A3ABC540B0FE1 /* MemoriesTests.swift */; };
		1F4762BC219B1AA1AFD964E5 /* ContentView.swift in Sources */ = {isa = PBXBuildFile; fileRef = FA5FCDF216D0AE5F5472FCF3 /* ContentView.swift */; };
		31D9B57BAAB7420E4820F83D /* MemoryView.swift in Sources */ = {isa = PBXBuildFile; fileRef = 9B2FD7318A6A171CF4AE209C /* MemoryView.swift */; };
		3591806205A371E64259D523 /* FileSwitcherBar.swift in Sources */ = {isa = PBXBuildFile; fileRef = 0ED600A1545B9205848556BE /* FileSwitcherBar.swift */; };
		38A940538DA18D1E992E61A0 /* MarkdownRendererTests.swift in Sources */ = {isa = PBXBuildFile; fileRef = 24F1136338E88312A0675B1B /* MarkdownRendererTests.swift */; };
		4371C03799DFBBD2A6F3E055 /* MemoryFileListerTests.swift in Sources */ = {isa = PBXBuildFile; fileRef = FBFB5E5BC81A726677BC6C6C /* MemoryFileListerTests.swift */; };
		AAAAAAAAAAAA000000000004 /* MemoryExporterTests.swift in Sources */ = {isa = PBXBuildFile; fileRef = AAAAAAAAAAAA000000000003 /* MemoryExporterTests.swift */; };
		44614E8183B8FA3C0125BF7A /* AppModelTests.swift in Sources */ = {isa = PBXBuildFile; fileRef = 7783FB07040AC289157D319F /* AppModelTests.swift */; };
		4AD9BB35610B84CFF306943D /* MarkdownRenderer.swift in Sources */ = {isa = PBXBuildFile; fileRef = 4D513BE8B92368E5405A34B5 /* MarkdownRenderer.swift */; };
		4F2FF239A538E9A0ECC40193 /* ProjectPathResolver.swift in Sources */ = {isa = PBXBuildFile; fileRef = C27A0EA805588EDCC7D5662F /* ProjectPathResolver.swift */; };
		4F74713955484CB2CB18C3B1 /* ViewCommands.swift in Sources */ = {isa = PBXBuildFile; fileRef = E52AD26F727A21C21FC05FAB /* ViewCommands.swift */; };
		AAAAAAAAAAAA000000000005 /* FileCommands.swift in Sources */ = {isa = PBXBuildFile; fileRef = AAAAAAAAAAAA000000000006 /* FileCommands.swift */; };
		66BDF4ED75488C82DA9A5357 /* GitInfo.swift in Sources */ = {isa = PBXBuildFile; fileRef = 5A183FDB9CFC4B8484193687 /* GitInfo.swift */; };
		6D78CEE3F47A68A213295D45 /* Project.swift in Sources */ = {isa = PBXBuildFile; fileRef = 117AD241608F5C0D1ABC5F16 /* Project.swift */; };
		73B4D6017E9559F96F8929E8 /* AboutView.swift in Sources */ = {isa = PBXBuildFile; fileRef = 1F66674E71181CE3DFC25CF8 /* AboutView.swift */; };
		73BC093BB188645FE0A88D92 /* GitInspectorTests.swift in Sources */ = {isa = PBXBuildFile; fileRef = F7579E747BA87CA5480E5B78 /* GitInspectorTests.swift */; };
		773401A935E76A12E1C78383 /* GitInspecting.swift in Sources */ = {isa = PBXBuildFile; fileRef = 0F3B80BF4B38C95BF7BBCF6B /* GitInspecting.swift */; };
		7ECB523CB45E2A98D457E72D /* MemoryFile.swift in Sources */ = {isa = PBXBuildFile; fileRef = 0138E2B48AD03C12E7D4FD14 /* MemoryFile.swift */; };
		83F4F4D55A869046196F9D95 /* MemoryFileLister.swift in Sources */ = {isa = PBXBuildFile; fileRef = B7BD2A0B5909651FFABD99EA /* MemoryFileLister.swift */; };
		AAAAAAAAAAAA000000000002 /* MemoryExporter.swift in Sources */ = {isa = PBXBuildFile; fileRef = AAAAAAAAAAAA000000000001 /* MemoryExporter.swift */; };
		89A6A7C5164619B5A0F8AB0C /* ProjectRow.swift in Sources */ = {isa = PBXBuildFile; fileRef = 298289B73515CBC37E9B8BF5 /* ProjectRow.swift */; };
		9E0AB2F2D5EA406E6BDD39FC /* MemoryLoadState.swift in Sources */ = {isa = PBXBuildFile; fileRef = 214C3E5A5C48B9451A3436F6 /* MemoryLoadState.swift */; };
		9E27C330810796FC7DDA0475 /* PresentationIntent+Markdown.swift in Sources */ = {isa = PBXBuildFile; fileRef = E72DBAD70F4EDE4886ACFF47 /* PresentationIntent+Markdown.swift */; };
		AC586DFB96EB075EA319F604 /* Bundle+About.swift in Sources */ = {isa = PBXBuildFile; fileRef = 697E6D5777C34A47004572A1 /* Bundle+About.swift */; };
		B445C5CE31CA431B4377A506 /* MemoryDiscoveryTests.swift in Sources */ = {isa = PBXBuildFile; fileRef = 4BA432A558BA158033C20271 /* MemoryDiscoveryTests.swift */; };
		B55CF93778570EA6150ED3DC /* MarkdownLinkRouterTests.swift in Sources */ = {isa = PBXBuildFile; fileRef = 7163C96AA8724EA8F05CD8DC /* MarkdownLinkRouterTests.swift */; };
		B65FB02D664E2855255B83BD /* MarkdownTextView.swift in Sources */ = {isa = PBXBuildFile; fileRef = 412AB8364F4591617E4B5BEF /* MarkdownTextView.swift */; };
		BF6A74EA872DAB2E79570E15 /* GitInspector.swift in Sources */ = {isa = PBXBuildFile; fileRef = 110B99770E40C1ACC143EF47 /* GitInspector.swift */; };
		CE2BB0DE917DF50103F437D0 /* MemoryDiscovery.swift in Sources */ = {isa = PBXBuildFile; fileRef = 12E43B28D9906A0CAED60283 /* MemoryDiscovery.swift */; };
		DAAC84993CCA7A06BECE1160 /* MarkdownLinkRouter.swift in Sources */ = {isa = PBXBuildFile; fileRef = 6DA16B74319B6E4D074DF807 /* MarkdownLinkRouter.swift */; };
		E83C7DD6AA9880AAF7BFB760 /* MarkdownConverter.swift in Sources */ = {isa = PBXBuildFile; fileRef = 83ACA2162871577864DC1A4C /* MarkdownConverter.swift */; };
		F1AD92693E2DA5692ACA2847 /* MemoryLoaderTests.swift in Sources */ = {isa = PBXBuildFile; fileRef = 15AB1FBE4D10D04B3977F87F /* MemoryLoaderTests.swift */; };
		F2A36C968D9AA215FFBB0F3A /* MemoriesApp.swift in Sources */ = {isa = PBXBuildFile; fileRef = 7F11C79AE22F047427644546 /* MemoriesApp.swift */; };
		F915C6E7106571A54CB0D4F9 /* MemoryViewMode.swift in Sources */ = {isa = PBXBuildFile; fileRef = 57EBF1F78B6FC7D6D420E6DA /* MemoryViewMode.swift */; };
		FC6840519CB5D64E43E39119 /* MemoryLoader.swift in Sources */ = {isa = PBXBuildFile; fileRef = DF66D88339107756A234A7F0 /* MemoryLoader.swift */; };
		FF590DE1F188E177C1DC4134 /* String+Trimming.swift in Sources */ = {isa = PBXBuildFile; fileRef = 4D733785E07D583C6C120AAB /* String+Trimming.swift */; };
/* End PBXBuildFile section */

/* Begin PBXContainerItemProxy section */
		05B18A2C2FEBC3250056553A /* PBXContainerItemProxy */ = {
			isa = PBXContainerItemProxy;
			containerPortal = 05B18A272FEBC3250056553A /* SwiftUtilities.xcodeproj */;
			proxyType = 2;
			remoteGlobalIDString = 05C527822DD8E36300843626;
			remoteInfo = SwiftUtilities;
		};
		05B18A342FEBC3410056553A /* PBXContainerItemProxy */ = {
			isa = PBXContainerItemProxy;
			containerPortal = 05B18A272FEBC3250056553A /* SwiftUtilities.xcodeproj */;
			proxyType = 1;
			remoteGlobalIDString = 05C527812DD8E36300843626;
			remoteInfo = SwiftUtilities;
		};
		05E9757B2FEA71990078F616 /* PBXContainerItemProxy */ = {
			isa = PBXContainerItemProxy;
			containerPortal = 05E975652FEA71980078F616 /* Project object */;
			proxyType = 1;
			remoteGlobalIDString = 05E9756C2FEA71980078F616;
			remoteInfo = Memories;
		};
/* End PBXContainerItemProxy section */

/* Begin PBXCopyFilesBuildPhase section */
		05B18A322FEBC3350056553A /* CopyFiles */ = {
			isa = PBXCopyFilesBuildPhase;
			buildActionMask = 2147483647;
			dstPath = "";
			dstSubfolderSpec = 10;
			files = (
				05B18A332FEBC33C0056553A /* SwiftUtilities.framework in CopyFiles */,
			);
			runOnlyForDeploymentPostprocessing = 0;
		};
/* End PBXCopyFilesBuildPhase section */

/* Begin PBXFileReference section */
		0138E2B48AD03C12E7D4FD14 /* MemoryFile.swift */ = {isa = PBXFileReference; includeInIndex = 1; lastKnownFileType = sourcecode.swift; path = MemoryFile.swift; sourceTree = "<group>"; };
		05B18A272FEBC3250056553A /* SwiftUtilities.xcodeproj */ = {isa = PBXFileReference; lastKnownFileType = "wrapper.pb-project"; name = SwiftUtilities.xcodeproj; path = Submodules/SwiftUtilities/SwiftUtilities.xcodeproj; sourceTree = "<group>"; };
		05E9756D2FEA71980078F616 /* Memories.app */ = {isa = PBXFileReference; explicitFileType = wrapper.application; includeInIndex = 0; path = Memories.app; sourceTree = BUILT_PRODUCTS_DIR; };
		05E9757A2FEA71990078F616 /* MemoriesTests.xctest */ = {isa = PBXFileReference; explicitFileType = wrapper.cfbundle; includeInIndex = 0; path = MemoriesTests.xctest; sourceTree = BUILT_PRODUCTS_DIR; };
		05E975972FEA719E0078F616 /* Assets.xcassets */ = {isa = PBXFileReference; lastKnownFileType = folder.assetcatalog; path = Assets.xcassets; sourceTree = "<group>"; };
		05E975A62FEA73070078F616 /* CODE_OF_CONDUCT.md */ = {isa = PBXFileReference; lastKnownFileType = net.daringfireball.markdown; path = CODE_OF_CONDUCT.md; sourceTree = "<group>"; };
		05E975A72FEA73070078F616 /* LICENSE */ = {isa = PBXFileReference; lastKnownFileType = text; path = LICENSE; sourceTree = "<group>"; };
		05E975A82FEA73070078F616 /* README.md */ = {isa = PBXFileReference; lastKnownFileType = net.daringfireball.markdown; path = README.md; sourceTree = "<group>"; };
		05E975E22FEA738B0078F616 /* FUNDING.yml */ = {isa = PBXFileReference; lastKnownFileType = text.yaml; path = FUNDING.yml; sourceTree = "<group>"; };
		05E975E42FEA738B0078F616 /* C++.xcconfig */ = {isa = PBXFileReference; lastKnownFileType = text.xcconfig; path = "C++.xcconfig"; sourceTree = "<group>"; };
		05E975E52FEA738B0078F616 /* Modules.xcconfig */ = {isa = PBXFileReference; lastKnownFileType = text.xcconfig; path = Modules.xcconfig; sourceTree = "<group>"; };
		05E975E62FEA738B0078F616 /* Objective-C.xcconfig */ = {isa = PBXFileReference; lastKnownFileType = text.xcconfig; path = "Objective-C.xcconfig"; sourceTree = "<group>"; };
		05E975E82FEA738B0078F616 /* All-Languages.xcconfig */ = {isa = PBXFileReference; lastKnownFileType = text.xcconfig; path = "All-Languages.xcconfig"; sourceTree = "<group>"; };
		05E975E92FEA738B0078F616 /* C++.xcconfig */ = {isa = PBXFileReference; lastKnownFileType = text.xcconfig; path = "C++.xcconfig"; sourceTree = "<group>"; };
		05E975EA2FEA738B0078F616 /* Objective-C.xcconfig */ = {isa = PBXFileReference; lastKnownFileType = text.xcconfig; path = "Objective-C.xcconfig"; sourceTree = "<group>"; };
		05E975EB2FEA738B0078F616 /* Objective-C-ARC.xcconfig */ = {isa = PBXFileReference; lastKnownFileType = text.xcconfig; path = "Objective-C-ARC.xcconfig"; sourceTree = "<group>"; };
		05E975ED2FEA738B0078F616 /* Address-Sanitizer.xcconfig */ = {isa = PBXFileReference; lastKnownFileType = text.xcconfig; path = "Address-Sanitizer.xcconfig"; sourceTree = "<group>"; };
		05E975EE2FEA738B0078F616 /* Code-Generation.xcconfig */ = {isa = PBXFileReference; lastKnownFileType = text.xcconfig; path = "Code-Generation.xcconfig"; sourceTree = "<group>"; };
		05E975EF2FEA738B0078F616 /* Language.xcconfig */ = {isa = PBXFileReference; lastKnownFileType = text.xcconfig; path = Language.xcconfig; sourceTree = "<group>"; };
		05E975F02FEA738B0078F616 /* Preprocessing.xcconfig */ = {isa = PBXFileReference; lastKnownFileType = text.xcconfig; path = Preprocessing.xcconfig; sourceTree = "<group>"; };
		05E975F12FEA738B0078F616 /* Undefined-Behavior-Sanitizer.xcconfig */ = {isa = PBXFileReference; lastKnownFileType = text.xcconfig; path = "Undefined-Behavior-Sanitizer.xcconfig"; sourceTree = "<group>"; };
		05E975F22FEA738B0078F616 /* Warning-Policies.xcconfig */ = {isa = PBXFileReference; lastKnownFileType = text.xcconfig; path = "Warning-Policies.xcconfig"; sourceTree = "<group>"; };
		05E975F32FEA738B0078F616 /* Warnings.xcconfig */ = {isa = PBXFileReference; lastKnownFileType = text.xcconfig; path = Warnings.xcconfig; sourceTree = "<group>"; };
		05E975F52FEA738B0078F616 /* Analysis-Policy.xcconfig */ = {isa = PBXFileReference; lastKnownFileType = text.xcconfig; path = "Analysis-Policy.xcconfig"; sourceTree = "<group>"; };
		05E975F62FEA738B0078F616 /* Apple-APIs.xcconfig */ = {isa = PBXFileReference; lastKnownFileType = text.xcconfig; path = "Apple-APIs.xcconfig"; sourceTree = "<group>"; };
		05E975F72FEA738B0078F616 /* Generic-Issues.xcconfig */ = {isa = PBXFileReference; lastKnownFileType = text.xcconfig; path = "Generic-Issues.xcconfig"; sourceTree = "<group>"; };
		05E975F82FEA738B0078F616 /* Objective-C.xcconfig */ = {isa = PBXFileReference; lastKnownFileType = text.xcconfig; path = "Objective-C.xcconfig"; sourceTree = "<group>"; };
		05E975F92FEA738B0078F616 /* Security.xcconfig */ = {isa = PBXFileReference; lastKnownFileType = text.xcconfig; path = Security.xcconfig; sourceTree = "<group>"; };
		05E975FB2FEA738B0078F616 /* Issues.xcconfig */ = {isa = PBXFileReference; lastKnownFileType = text.xcconfig; path = Issues.xcconfig; sourceTree = "<group>"; };
		05E975FD2FEA738B0078F616 /* Code-Generation.xcconfig */ = {isa = PBXFileReference; lastKnownFileType = text.xcconfig; path = "Code-Generation.xcconfig"; sourceTree = "<group>"; };
		05E975FE2FEA738B0078F616 /* General.xcconfig */ = {isa = PBXFileReference; lastKnownFileType = text.xcconfig; path = General.xcconfig; sourceTree = "<group>"; };
		05E975FF2FEA738B0078F616 /* Language.xcconfig */ = {isa = PBXFileReference; lastKnownFileType = text.xcconfig; path = Language.xcconfig; sourceTree = "<group>"; };
		05E976002FEA738B0078F616 /* Warnings-Policies.xcconfig */ = {isa = PBXFileReference; lastKnownFileType = text.xcconfig; path = "Warnings-Policies.xcconfig"; sourceTree = "<group>"; };
		05E976022FEA738B0078F616 /* Apple-LLVM.xcconfig */ = {isa = PBXFileReference; lastKnownFileType = text.xcconfig; path = "Apple-LLVM.xcconfig"; sourceTree = "<group>"; };
		05E976032FEA738B0078F616 /* Architectures.xcconfig */ = {isa = PBXFileReference; lastKnownFileType = text.xcconfig; path = Architectures.xcconfig; sourceTree = "<group>"; };
		05E976042FEA738B0078F616 /* Build-Options.xcconfig */ = {isa = PBXFileReference; lastKnownFileType = text.xcconfig; path = "Build-Options.xcconfig"; sourceTree = "<group>"; };
		05E976052FEA738B0078F616 /* Deployment.xcconfig */ = {isa = PBXFileReference; lastKnownFileType = text.xcconfig; path = Deployment.xcconfig; sourceTree = "<group>"; };
		05E976062FEA738B0078F616 /* Search-Paths.xcconfig */ = {isa = PBXFileReference; lastKnownFileType = text.xcconfig; path = "Search-Paths.xcconfig"; sourceTree = "<group>"; };
		05E976072FEA738B0078F616 /* Signing.xcconfig */ = {isa = PBXFileReference; lastKnownFileType = text.xcconfig; path = Signing.xcconfig; sourceTree = "<group>"; };
		05E976082FEA738B0078F616 /* Static-Analyzer.xcconfig */ = {isa = PBXFileReference; lastKnownFileType = text.xcconfig; path = "Static-Analyzer.xcconfig"; sourceTree = "<group>"; };
		05E976092FEA738B0078F616 /* Swift-Compiler.xcconfig */ = {isa = PBXFileReference; lastKnownFileType = text.xcconfig; path = "Swift-Compiler.xcconfig"; sourceTree = "<group>"; };
		05E9760B2FEA738B0078F616 /* ccache.sh */ = {isa = PBXFileReference; lastKnownFileType = text.script.sh; path = ccache.sh; sourceTree = "<group>"; };
		05E9760C2FEA738B0078F616 /* ccache-config.sh */ = {isa = PBXFileReference; lastKnownFileType = text.script.sh; path = "ccache-config.sh"; sourceTree = "<group>"; };
		05E9760E2FEA738B0078F616 /* .gitignore */ = {isa = PBXFileReference; lastKnownFileType = text; path = .gitignore; sourceTree = "<group>"; };
		05E9760F2FEA738B0078F616 /* CODE_OF_CONDUCT.md */ = {isa = PBXFileReference; lastKnownFileType = net.daringfireball.markdown; path = CODE_OF_CONDUCT.md; sourceTree = "<group>"; };
		05E976102FEA738B0078F616 /* Common.xcconfig */ = {isa = PBXFileReference; lastKnownFileType = text.xcconfig; path = Common.xcconfig; sourceTree = "<group>"; };
		05E976112FEA738B0078F616 /* Debug.xcconfig */ = {isa = PBXFileReference; lastKnownFileType = text.xcconfig; path = Debug.xcconfig; sourceTree = "<group>"; };
		05E976122FEA738B0078F616 /* Debug - ccache.xcconfig */ = {isa = PBXFileReference; lastKnownFileType = text.xcconfig; path = "Debug - ccache.xcconfig"; sourceTree = "<group>"; };
		05E976132FEA738B0078F616 /* Debug - Library.xcconfig */ = {isa = PBXFileReference; lastKnownFileType = text.xcconfig; path = "Debug - Library.xcconfig"; sourceTree = "<group>"; };
		05E976142FEA738B0078F616 /* Debug - zld.xcconfig */ = {isa = PBXFileReference; lastKnownFileType = text.xcconfig; path = "Debug - zld.xcconfig"; sourceTree = "<group>"; };
		05E976152FEA738B0078F616 /* README.md */ = {isa = PBXFileReference; lastKnownFileType = net.daringfireball.markdown; path = README.md; sourceTree = "<group>"; };
		05E976162FEA738B0078F616 /* Release.xcconfig */ = {isa = PBXFileReference; lastKnownFileType = text.xcconfig; path = Release.xcconfig; sourceTree = "<group>"; };
		05E976172FEA738B0078F616 /* Release - ccache.xcconfig */ = {isa = PBXFileReference; lastKnownFileType = text.xcconfig; path = "Release - ccache.xcconfig"; sourceTree = "<group>"; };
		05E976182FEA738B0078F616 /* Release - Library.xcconfig */ = {isa = PBXFileReference; lastKnownFileType = text.xcconfig; path = "Release - Library.xcconfig"; sourceTree = "<group>"; };
		0ED600A1545B9205848556BE /* FileSwitcherBar.swift */ = {isa = PBXFileReference; includeInIndex = 1; lastKnownFileType = sourcecode.swift; path = FileSwitcherBar.swift; sourceTree = "<group>"; };
		0F3B80BF4B38C95BF7BBCF6B /* GitInspecting.swift */ = {isa = PBXFileReference; includeInIndex = 1; lastKnownFileType = sourcecode.swift; path = GitInspecting.swift; sourceTree = "<group>"; };
		110B99770E40C1ACC143EF47 /* GitInspector.swift */ = {isa = PBXFileReference; includeInIndex = 1; lastKnownFileType = sourcecode.swift; path = GitInspector.swift; sourceTree = "<group>"; };
		117AD241608F5C0D1ABC5F16 /* Project.swift */ = {isa = PBXFileReference; includeInIndex = 1; lastKnownFileType = sourcecode.swift; path = Project.swift; sourceTree = "<group>"; };
		12E43B28D9906A0CAED60283 /* MemoryDiscovery.swift */ = {isa = PBXFileReference; includeInIndex = 1; lastKnownFileType = sourcecode.swift; path = MemoryDiscovery.swift; sourceTree = "<group>"; };
		15AB1FBE4D10D04B3977F87F /* MemoryLoaderTests.swift */ = {isa = PBXFileReference; includeInIndex = 1; lastKnownFileType = sourcecode.swift; path = MemoryLoaderTests.swift; sourceTree = "<group>"; };
		1F66674E71181CE3DFC25CF8 /* AboutView.swift */ = {isa = PBXFileReference; includeInIndex = 1; lastKnownFileType = sourcecode.swift; path = AboutView.swift; sourceTree = "<group>"; };
		214C3E5A5C48B9451A3436F6 /* MemoryLoadState.swift */ = {isa = PBXFileReference; includeInIndex = 1; lastKnownFileType = sourcecode.swift; path = MemoryLoadState.swift; sourceTree = "<group>"; };
		24F1136338E88312A0675B1B /* MarkdownRendererTests.swift */ = {isa = PBXFileReference; includeInIndex = 1; lastKnownFileType = sourcecode.swift; path = MarkdownRendererTests.swift; sourceTree = "<group>"; };
		298289B73515CBC37E9B8BF5 /* ProjectRow.swift */ = {isa = PBXFileReference; includeInIndex = 1; lastKnownFileType = sourcecode.swift; path = ProjectRow.swift; sourceTree = "<group>"; };
		412AB8364F4591617E4B5BEF /* MarkdownTextView.swift */ = {isa = PBXFileReference; includeInIndex = 1; lastKnownFileType = sourcecode.swift; path = MarkdownTextView.swift; sourceTree = "<group>"; };
		4BA432A558BA158033C20271 /* MemoryDiscoveryTests.swift */ = {isa = PBXFileReference; includeInIndex = 1; lastKnownFileType = sourcecode.swift; path = MemoryDiscoveryTests.swift; sourceTree = "<group>"; };
		4D513BE8B92368E5405A34B5 /* MarkdownRenderer.swift */ = {isa = PBXFileReference; includeInIndex = 1; lastKnownFileType = sourcecode.swift; path = MarkdownRenderer.swift; sourceTree = "<group>"; };
		4D733785E07D583C6C120AAB /* String+Trimming.swift */ = {isa = PBXFileReference; includeInIndex = 1; lastKnownFileType = sourcecode.swift; path = "String+Trimming.swift"; sourceTree = "<group>"; };
		57EBF1F78B6FC7D6D420E6DA /* MemoryViewMode.swift */ = {isa = PBXFileReference; includeInIndex = 1; lastKnownFileType = sourcecode.swift; path = MemoryViewMode.swift; sourceTree = "<group>"; };
		5A183FDB9CFC4B8484193687 /* GitInfo.swift */ = {isa = PBXFileReference; includeInIndex = 1; lastKnownFileType = sourcecode.swift; path = GitInfo.swift; sourceTree = "<group>"; };
		697E6D5777C34A47004572A1 /* Bundle+About.swift */ = {isa = PBXFileReference; includeInIndex = 1; lastKnownFileType = sourcecode.swift; path = "Bundle+About.swift"; sourceTree = "<group>"; };
		6DA16B74319B6E4D074DF807 /* MarkdownLinkRouter.swift */ = {isa = PBXFileReference; includeInIndex = 1; lastKnownFileType = sourcecode.swift; path = MarkdownLinkRouter.swift; sourceTree = "<group>"; };
		7163C96AA8724EA8F05CD8DC /* MarkdownLinkRouterTests.swift */ = {isa = PBXFileReference; includeInIndex = 1; lastKnownFileType = sourcecode.swift; path = MarkdownLinkRouterTests.swift; sourceTree = "<group>"; };
		7783FB07040AC289157D319F /* AppModelTests.swift */ = {isa = PBXFileReference; includeInIndex = 1; lastKnownFileType = sourcecode.swift; path = AppModelTests.swift; sourceTree = "<group>"; };
		7A68D952B679C1705A9A2EC0 /* AppModel.swift */ = {isa = PBXFileReference; includeInIndex = 1; lastKnownFileType = sourcecode.swift; path = AppModel.swift; sourceTree = "<group>"; };
		7F11C79AE22F047427644546 /* MemoriesApp.swift */ = {isa = PBXFileReference; includeInIndex = 1; lastKnownFileType = sourcecode.swift; path = MemoriesApp.swift; sourceTree = "<group>"; };
		83ACA2162871577864DC1A4C /* MarkdownConverter.swift */ = {isa = PBXFileReference; includeInIndex = 1; lastKnownFileType = sourcecode.swift; path = MarkdownConverter.swift; sourceTree = "<group>"; };
		9108D9F3E8FD9EAB4C560ED3 /* ProjectPathResolverTests.swift */ = {isa = PBXFileReference; includeInIndex = 1; lastKnownFileType = sourcecode.swift; path = ProjectPathResolverTests.swift; sourceTree = "<group>"; };
		9B2FD7318A6A171CF4AE209C /* MemoryView.swift */ = {isa = PBXFileReference; includeInIndex = 1; lastKnownFileType = sourcecode.swift; path = MemoryView.swift; sourceTree = "<group>"; };
		B7BD2A0B5909651FFABD99EA /* MemoryFileLister.swift */ = {isa = PBXFileReference; includeInIndex = 1; lastKnownFileType = sourcecode.swift; path = MemoryFileLister.swift; sourceTree = "<group>"; };
		AAAAAAAAAAAA000000000001 /* MemoryExporter.swift */ = {isa = PBXFileReference; includeInIndex = 1; lastKnownFileType = sourcecode.swift; path = MemoryExporter.swift; sourceTree = "<group>"; };
		C27A0EA805588EDCC7D5662F /* ProjectPathResolver.swift */ = {isa = PBXFileReference; includeInIndex = 1; lastKnownFileType = sourcecode.swift; path = ProjectPathResolver.swift; sourceTree = "<group>"; };
		DF66D88339107756A234A7F0 /* MemoryLoader.swift */ = {isa = PBXFileReference; includeInIndex = 1; lastKnownFileType = sourcecode.swift; path = MemoryLoader.swift; sourceTree = "<group>"; };
		E04C78C45E5A3ABC540B0FE1 /* MemoriesTests.swift */ = {isa = PBXFileReference; includeInIndex = 1; lastKnownFileType = sourcecode.swift; path = MemoriesTests.swift; sourceTree = "<group>"; };
		E52AD26F727A21C21FC05FAB /* ViewCommands.swift */ = {isa = PBXFileReference; includeInIndex = 1; lastKnownFileType = sourcecode.swift; path = ViewCommands.swift; sourceTree = "<group>"; };
		AAAAAAAAAAAA000000000006 /* FileCommands.swift */ = {isa = PBXFileReference; includeInIndex = 1; lastKnownFileType = sourcecode.swift; path = FileCommands.swift; sourceTree = "<group>"; };
		E72DBAD70F4EDE4886ACFF47 /* PresentationIntent+Markdown.swift */ = {isa = PBXFileReference; includeInIndex = 1; lastKnownFileType = sourcecode.swift; path = "PresentationIntent+Markdown.swift"; sourceTree = "<group>"; };
		F7579E747BA87CA5480E5B78 /* GitInspectorTests.swift */ = {isa = PBXFileReference; includeInIndex = 1; lastKnownFileType = sourcecode.swift; path = GitInspectorTests.swift; sourceTree = "<group>"; };
		FA5FCDF216D0AE5F5472FCF3 /* ContentView.swift */ = {isa = PBXFileReference; includeInIndex = 1; lastKnownFileType = sourcecode.swift; path = ContentView.swift; sourceTree = "<group>"; };
		FBFB5E5BC81A726677BC6C6C /* MemoryFileListerTests.swift */ = {isa = PBXFileReference; includeInIndex = 1; lastKnownFileType = sourcecode.swift; path = MemoryFileListerTests.swift; sourceTree = "<group>"; };
		AAAAAAAAAAAA000000000003 /* MemoryExporterTests.swift */ = {isa = PBXFileReference; includeInIndex = 1; lastKnownFileType = sourcecode.swift; path = MemoryExporterTests.swift; sourceTree = "<group>"; };
/* End PBXFileReference section */

/* Begin PBXFrameworksBuildPhase section */
		05E9756A2FEA71980078F616 /* Frameworks */ = {
			isa = PBXFrameworksBuildPhase;
			buildActionMask = 2147483647;
			files = (
				05B18A312FEBC3300056553A /* SwiftUtilities.framework in Frameworks */,
			);
			runOnlyForDeploymentPostprocessing = 0;
		};
		05E975772FEA71990078F616 /* Frameworks */ = {
			isa = PBXFrameworksBuildPhase;
			buildActionMask = 2147483647;
			files = (
			);
			runOnlyForDeploymentPostprocessing = 0;
		};
/* End PBXFrameworksBuildPhase section */

/* Begin PBXGroup section */
		05B18A282FEBC3250056553A /* Products */ = {
			isa = PBXGroup;
			children = (
				05B18A2D2FEBC3250056553A /* SwiftUtilities.framework */,
			);
			name = Products;
			sourceTree = "<group>";
		};
		05B18A302FEBC3300056553A /* Frameworks */ = {
			isa = PBXGroup;
			children = (
			);
			name = Frameworks;
			sourceTree = "<group>";
		};
		05E975642FEA71980078F616 = {
			isa = PBXGroup;
			children = (
				05E975A82FEA73070078F616 /* README.md */,
				05E975A72FEA73070078F616 /* LICENSE */,
				05E975A62FEA73070078F616 /* CODE_OF_CONDUCT.md */,
				05B18A272FEBC3250056553A /* SwiftUtilities.xcodeproj */,
				05E976192FEA738B0078F616 /* xcconfig */,
				05E9759A2FEA719E0078F616 /* Memories */,
				05E9759F2FEA71A30078F616 /* MemoriesTests */,
				05B18A302FEBC3300056553A /* Frameworks */,
				05E9756E2FEA71980078F616 /* Products */,
			);
			sourceTree = "<group>";
		};
		05E9756E2FEA71980078F616 /* Products */ = {
			isa = PBXGroup;
			children = (
				05E9756D2FEA71980078F616 /* Memories.app */,
				05E9757A2FEA71990078F616 /* MemoriesTests.xctest */,
			);
			name = Products;
			sourceTree = "<group>";
		};
		05E9759A2FEA719E0078F616 /* Memories */ = {
			isa = PBXGroup;
			children = (
				05E975972FEA719E0078F616 /* Assets.xcassets */,
				AF4DD094F187EEBBE7A1E4D0 /* App */,
				DE8F043CE76025DFB393B612 /* Models */,
				EEBCB7A8A541FE0D124AFE40 /* Views */,
				07577E96EB075BC131849B93 /* Markdown */,
				1E7335AE467ED9C6C76527AB /* Services */,
				8257F520712BC59560BE9E64 /* Extensions */,
			);
			path = Memories;
			sourceTree = "<group>";
		};
		05E9759F2FEA71A30078F616 /* MemoriesTests */ = {
			isa = PBXGroup;
			children = (
				634DE22169D05888FB17FC98 /* App */,
				E351D7F83DCD33F08B3C7C60 /* Markdown */,
				1AAAD4899722F51993911713 /* Services */,
				E04C78C45E5A3ABC540B0FE1 /* MemoriesTests.swift */,
			);
			path = MemoriesTests;
			sourceTree = "<group>";
		};
		05E975E32FEA738B0078F616 /* .github */ = {
			isa = PBXGroup;
			children = (
				05E975E22FEA738B0078F616 /* FUNDING.yml */,
			);
			path = .github;
			sourceTree = "<group>";
		};
		05E975E72FEA738B0078F616 /* Language */ = {
			isa = PBXGroup;
			children = (
				05E975E42FEA738B0078F616 /* C++.xcconfig */,
				05E975E52FEA738B0078F616 /* Modules.xcconfig */,
				05E975E62FEA738B0078F616 /* Objective-C.xcconfig */,
			);
			path = Language;
			sourceTree = "<group>";
		};
		05E975EC2FEA738B0078F616 /* Warnings */ = {
			isa = PBXGroup;
			children = (
				05E975E82FEA738B0078F616 /* All-Languages.xcconfig */,
				05E975E92FEA738B0078F616 /* C++.xcconfig */,
				05E975EA2FEA738B0078F616 /* Objective-C.xcconfig */,
				05E975EB2FEA738B0078F616 /* Objective-C-ARC.xcconfig */,
			);
			path = Warnings;
			sourceTree = "<group>";
		};
		05E975F42FEA738B0078F616 /* Apple-LLVM */ = {
			isa = PBXGroup;
			children = (
				05E975E72FEA738B0078F616 /* Language */,
				05E975EC2FEA738B0078F616 /* Warnings */,
				05E975ED2FEA738B0078F616 /* Address-Sanitizer.xcconfig */,
				05E975EE2FEA738B0078F616 /* Code-Generation.xcconfig */,
				05E975EF2FEA738B0078F616 /* Language.xcconfig */,
				05E975F02FEA738B0078F616 /* Preprocessing.xcconfig */,
				05E975F12FEA738B0078F616 /* Undefined-Behavior-Sanitizer.xcconfig */,
				05E975F22FEA738B0078F616 /* Warning-Policies.xcconfig */,
				05E975F32FEA738B0078F616 /* Warnings.xcconfig */,
			);
			path = "Apple-LLVM";
			sourceTree = "<group>";
		};
		05E975FA2FEA738B0078F616 /* Issues */ = {
			isa = PBXGroup;
			children = (
				05E975F52FEA738B0078F616 /* Analysis-Policy.xcconfig */,
				05E975F62FEA738B0078F616 /* Apple-APIs.xcconfig */,
				05E975F72FEA738B0078F616 /* Generic-Issues.xcconfig */,
				05E975F82FEA738B0078F616 /* Objective-C.xcconfig */,
				05E975F92FEA738B0078F616 /* Security.xcconfig */,
			);
			path = Issues;
			sourceTree = "<group>";
		};
		05E975FC2FEA738B0078F616 /* Static-Analyzer */ = {
			isa = PBXGroup;
			children = (
				05E975FA2FEA738B0078F616 /* Issues */,
				05E975FB2FEA738B0078F616 /* Issues.xcconfig */,
			);
			path = "Static-Analyzer";
			sourceTree = "<group>";
		};
		05E976012FEA738B0078F616 /* Swift-Compiler */ = {
			isa = PBXGroup;
			children = (
				05E975FD2FEA738B0078F616 /* Code-Generation.xcconfig */,
				05E975FE2FEA738B0078F616 /* General.xcconfig */,
				05E975FF2FEA738B0078F616 /* Language.xcconfig */,
				05E976002FEA738B0078F616 /* Warnings-Policies.xcconfig */,
			);
			path = "Swift-Compiler";
			sourceTree = "<group>";
		};
		05E9760A2FEA738B0078F616 /* Common */ = {
			isa = PBXGroup;
			children = (
				05E975F42FEA738B0078F616 /* Apple-LLVM */,
				05E975FC2FEA738B0078F616 /* Static-Analyzer */,
				05E976012FEA738B0078F616 /* Swift-Compiler */,
				05E976022FEA738B0078F616 /* Apple-LLVM.xcconfig */,
				05E976032FEA738B0078F616 /* Architectures.xcconfig */,
				05E976042FEA738B0078F616 /* Build-Options.xcconfig */,
				05E976052FEA738B0078F616 /* Deployment.xcconfig */,
				05E976062FEA738B0078F616 /* Search-Paths.xcconfig */,
				05E976072FEA738B0078F616 /* Signing.xcconfig */,
				05E976082FEA738B0078F616 /* Static-Analyzer.xcconfig */,
				05E976092FEA738B0078F616 /* Swift-Compiler.xcconfig */,
			);
			path = Common;
			sourceTree = "<group>";
		};
		05E9760D2FEA738B0078F616 /* Scripts */ = {
			isa = PBXGroup;
			children = (
				05E9760B2FEA738B0078F616 /* ccache.sh */,
				05E9760C2FEA738B0078F616 /* ccache-config.sh */,
			);
			path = Scripts;
			sourceTree = "<group>";
		};
		05E976192FEA738B0078F616 /* xcconfig */ = {
			isa = PBXGroup;
			children = (
				05E975E32FEA738B0078F616 /* .github */,
				05E9760A2FEA738B0078F616 /* Common */,
				05E9760D2FEA738B0078F616 /* Scripts */,
				05E9760E2FEA738B0078F616 /* .gitignore */,
				05E9760F2FEA738B0078F616 /* CODE_OF_CONDUCT.md */,
				05E976102FEA738B0078F616 /* Common.xcconfig */,
				05E976112FEA738B0078F616 /* Debug.xcconfig */,
				05E976122FEA738B0078F616 /* Debug - ccache.xcconfig */,
				05E976132FEA738B0078F616 /* Debug - Library.xcconfig */,
				05E976142FEA738B0078F616 /* Debug - zld.xcconfig */,
				05E976152FEA738B0078F616 /* README.md */,
				05E976162FEA738B0078F616 /* Release.xcconfig */,
				05E976172FEA738B0078F616 /* Release - ccache.xcconfig */,
				05E976182FEA738B0078F616 /* Release - Library.xcconfig */,
			);
			name = xcconfig;
			path = Submodules/xcconfig;
			sourceTree = "<group>";
		};
		07577E96EB075BC131849B93 /* Markdown */ = {
			isa = PBXGroup;
			children = (
				4D513BE8B92368E5405A34B5 /* MarkdownRenderer.swift */,
				83ACA2162871577864DC1A4C /* MarkdownConverter.swift */,
				E72DBAD70F4EDE4886ACFF47 /* PresentationIntent+Markdown.swift */,
				412AB8364F4591617E4B5BEF /* MarkdownTextView.swift */,
				6DA16B74319B6E4D074DF807 /* MarkdownLinkRouter.swift */,
			);
			path = Markdown;
			sourceTree = "<group>";
		};
		1AAAD4899722F51993911713 /* Services */ = {
			isa = PBXGroup;
			children = (
				F7579E747BA87CA5480E5B78 /* GitInspectorTests.swift */,
				4BA432A558BA158033C20271 /* MemoryDiscoveryTests.swift */,
				FBFB5E5BC81A726677BC6C6C /* MemoryFileListerTests.swift */,
				AAAAAAAAAAAA000000000003 /* MemoryExporterTests.swift */,
				15AB1FBE4D10D04B3977F87F /* MemoryLoaderTests.swift */,
				9108D9F3E8FD9EAB4C560ED3 /* ProjectPathResolverTests.swift */,
			);
			path = Services;
			sourceTree = "<group>";
		};
		1E7335AE467ED9C6C76527AB /* Services */ = {
			isa = PBXGroup;
			children = (
				12E43B28D9906A0CAED60283 /* MemoryDiscovery.swift */,
				B7BD2A0B5909651FFABD99EA /* MemoryFileLister.swift */,
				AAAAAAAAAAAA000000000001 /* MemoryExporter.swift */,
				DF66D88339107756A234A7F0 /* MemoryLoader.swift */,
				C27A0EA805588EDCC7D5662F /* ProjectPathResolver.swift */,
				110B99770E40C1ACC143EF47 /* GitInspector.swift */,
				0F3B80BF4B38C95BF7BBCF6B /* GitInspecting.swift */,
			);
			path = Services;
			sourceTree = "<group>";
		};
		634DE22169D05888FB17FC98 /* App */ = {
			isa = PBXGroup;
			children = (
				7783FB07040AC289157D319F /* AppModelTests.swift */,
			);
			path = App;
			sourceTree = "<group>";
		};
		8257F520712BC59560BE9E64 /* Extensions */ = {
			isa = PBXGroup;
			children = (
				697E6D5777C34A47004572A1 /* Bundle+About.swift */,
				4D733785E07D583C6C120AAB /* String+Trimming.swift */,
			);
			path = Extensions;
			sourceTree = "<group>";
		};
		AF4DD094F187EEBBE7A1E4D0 /* App */ = {
			isa = PBXGroup;
			children = (
				7F11C79AE22F047427644546 /* MemoriesApp.swift */,
				E52AD26F727A21C21FC05FAB /* ViewCommands.swift */,
				AAAAAAAAAAAA000000000006 /* FileCommands.swift */,
				7A68D952B679C1705A9A2EC0 /* AppModel.swift */,
			);
			path = App;
			sourceTree = "<group>";
		};
		DE8F043CE76025DFB393B612 /* Models */ = {
			isa = PBXGroup;
			children = (
				117AD241608F5C0D1ABC5F16 /* Project.swift */,
				0138E2B48AD03C12E7D4FD14 /* MemoryFile.swift */,
				57EBF1F78B6FC7D6D420E6DA /* MemoryViewMode.swift */,
				214C3E5A5C48B9451A3436F6 /* MemoryLoadState.swift */,
				5A183FDB9CFC4B8484193687 /* GitInfo.swift */,
			);
			path = Models;
			sourceTree = "<group>";
		};
		E351D7F83DCD33F08B3C7C60 /* Markdown */ = {
			isa = PBXGroup;
			children = (
				24F1136338E88312A0675B1B /* MarkdownRendererTests.swift */,
				7163C96AA8724EA8F05CD8DC /* MarkdownLinkRouterTests.swift */,
			);
			path = Markdown;
			sourceTree = "<group>";
		};
		EEBCB7A8A541FE0D124AFE40 /* Views */ = {
			isa = PBXGroup;
			children = (
				FA5FCDF216D0AE5F5472FCF3 /* ContentView.swift */,
				9B2FD7318A6A171CF4AE209C /* MemoryView.swift */,
				298289B73515CBC37E9B8BF5 /* ProjectRow.swift */,
				0ED600A1545B9205848556BE /* FileSwitcherBar.swift */,
				1F66674E71181CE3DFC25CF8 /* AboutView.swift */,
			);
			path = Views;
			sourceTree = "<group>";
		};
/* End PBXGroup section */

/* Begin PBXNativeTarget section */
		05E9756C2FEA71980078F616 /* Memories */ = {
			isa = PBXNativeTarget;
			buildConfigurationList = 05E9758E2FEA71990078F616 /* Build configuration list for PBXNativeTarget "Memories" */;
			buildPhases = (
				05E975692FEA71980078F616 /* Sources */,
				05E9756A2FEA71980078F616 /* Frameworks */,
				05E9756B2FEA71980078F616 /* Resources */,
				05B18A322FEBC3350056553A /* CopyFiles */,
				05B18A262FEBB7AA0056553A /* ShellScript */,
			);
			buildRules = (
			);
			dependencies = (
				05B18A352FEBC3410056553A /* PBXTargetDependency */,
			);
			name = Memories;
			productName = Memories;
			productReference = 05E9756D2FEA71980078F616 /* Memories.app */;
			productType = "com.apple.product-type.application";
		};
		05E975792FEA71990078F616 /* MemoriesTests */ = {
			isa = PBXNativeTarget;
			buildConfigurationList = 05E975912FEA71990078F616 /* Build configuration list for PBXNativeTarget "MemoriesTests" */;
			buildPhases = (
				05E975762FEA71990078F616 /* Sources */,
				05E975772FEA71990078F616 /* Frameworks */,
				05E975782FEA71990078F616 /* Resources */,
			);
			buildRules = (
			);
			dependencies = (
				05E9757C2FEA71990078F616 /* PBXTargetDependency */,
			);
			name = MemoriesTests;
			productName = MemoriesTests;
			productReference = 05E9757A2FEA71990078F616 /* MemoriesTests.xctest */;
			productType = "com.apple.product-type.bundle.unit-test";
		};
/* End PBXNativeTarget section */

/* Begin PBXProject section */
		05E975652FEA71980078F616 /* Project object */ = {
			isa = PBXProject;
			attributes = {
				BuildIndependentTargetsInParallel = 1;
				LastSwiftUpdateCheck = 2630;
				LastUpgradeCheck = 2630;
				TargetAttributes = {
					05E9756C2FEA71980078F616 = {
						CreatedOnToolsVersion = 26.3;
					};
					05E975792FEA71990078F616 = {
						CreatedOnToolsVersion = 26.3;
						TestTargetID = 05E9756C2FEA71980078F616;
					};
				};
			};
			buildConfigurationList = 05E975682FEA71980078F616 /* Build configuration list for PBXProject "Memories" */;
			developmentRegion = en;
			hasScannedForEncodings = 0;
			knownRegions = (
				en,
				Base,
			);
			mainGroup = 05E975642FEA71980078F616;
			minimizedProjectReferenceProxies = 1;
			preferredProjectObjectVersion = 77;
			productRefGroup = 05E9756E2FEA71980078F616 /* Products */;
			projectDirPath = "";
			projectReferences = (
				{
					ProductGroup = 05B18A282FEBC3250056553A /* Products */;
					ProjectRef = 05B18A272FEBC3250056553A /* SwiftUtilities.xcodeproj */;
				},
			);
			projectRoot = "";
			targets = (
				05E9756C2FEA71980078F616 /* Memories */,
				05E975792FEA71990078F616 /* MemoriesTests */,
			);
		};
/* End PBXProject section */

/* Begin PBXReferenceProxy section */
		05B18A2D2FEBC3250056553A /* SwiftUtilities.framework */ = {
			isa = PBXReferenceProxy;
			fileType = wrapper.framework;
			path = SwiftUtilities.framework;
			remoteRef = 05B18A2C2FEBC3250056553A /* PBXContainerItemProxy */;
			sourceTree = BUILT_PRODUCTS_DIR;
		};
/* End PBXReferenceProxy section */

/* Begin PBXResourcesBuildPhase section */
		05E9756B2FEA71980078F616 /* Resources */ = {
			isa = PBXResourcesBuildPhase;
			buildActionMask = 2147483647;
			files = (
				05E9759D2FEA719E0078F616 /* Assets.xcassets in Resources */,
			);
			runOnlyForDeploymentPostprocessing = 0;
		};
		05E975782FEA71990078F616 /* Resources */ = {
			isa = PBXResourcesBuildPhase;
			buildActionMask = 2147483647;
			files = (
			);
			runOnlyForDeploymentPostprocessing = 0;
		};
/* End PBXResourcesBuildPhase section */

/* Begin PBXShellScriptBuildPhase section */
		05B18A262FEBB7AA0056553A /* ShellScript */ = {
			isa = PBXShellScriptBuildPhase;
			alwaysOutOfDate = 1;
			buildActionMask = 2147483647;
			files = (
			);
			inputFileListPaths = (
			);
			inputPaths = (
			);
			outputFileListPaths = (
			);
			outputPaths = (
			);
			runOnlyForDeploymentPostprocessing = 0;
			shellPath = /bin/sh;
			shellScript = "# Set the bundle version (CFBundleVersion) to the number of commits in the repository.\n\nif ! command -v git >/dev/null 2>&1 ; then\n    echo \"warning: git not found; leaving CFBundleVersion unchanged\"\n    exit 0\nfi\n\ncount=$(git -C \"$SRCROOT\" rev-list --count HEAD 2>/dev/null)\n\nif [ -z \"$count\" ] ; then\n    echo \"warning: not a git repository; leaving CFBundleVersion unchanged\"\n    exit 0\nfi\n\nplist=\"$TARGET_BUILD_DIR/$INFOPLIST_PATH\"\n\nif [ ! -f \"$plist\" ] ; then\n    echo \"warning: $plist not found; leaving CFBundleVersion unchanged\"\n    exit 0\nfi\n\n/usr/libexec/PlistBuddy -c \"Set :CFBundleVersion $count\" \"$plist\" 2>/dev/null || /usr/libexec/PlistBuddy -c \"Add :CFBundleVersion string $count\" \"$plist\"\n\necho \"Set CFBundleVersion to $count\"\n";
		};
/* End PBXShellScriptBuildPhase section */

/* Begin PBXSourcesBuildPhase section */
		05E975692FEA71980078F616 /* Sources */ = {
			isa = PBXSourcesBuildPhase;
			buildActionMask = 2147483647;
			files = (
				F2A36C968D9AA215FFBB0F3A /* MemoriesApp.swift in Sources */,
				4F74713955484CB2CB18C3B1 /* ViewCommands.swift in Sources */,
				AAAAAAAAAAAA000000000005 /* FileCommands.swift in Sources */,
				0C00B6F6445A0BA13A337FFD /* AppModel.swift in Sources */,
				6D78CEE3F47A68A213295D45 /* Project.swift in Sources */,
				7ECB523CB45E2A98D457E72D /* MemoryFile.swift in Sources */,
				F915C6E7106571A54CB0D4F9 /* MemoryViewMode.swift in Sources */,
				9E0AB2F2D5EA406E6BDD39FC /* MemoryLoadState.swift in Sources */,
				66BDF4ED75488C82DA9A5357 /* GitInfo.swift in Sources */,
				1F4762BC219B1AA1AFD964E5 /* ContentView.swift in Sources */,
				31D9B57BAAB7420E4820F83D /* MemoryView.swift in Sources */,
				89A6A7C5164619B5A0F8AB0C /* ProjectRow.swift in Sources */,
				3591806205A371E64259D523 /* FileSwitcherBar.swift in Sources */,
				73B4D6017E9559F96F8929E8 /* AboutView.swift in Sources */,
				4AD9BB35610B84CFF306943D /* MarkdownRenderer.swift in Sources */,
				E83C7DD6AA9880AAF7BFB760 /* MarkdownConverter.swift in Sources */,
				9E27C330810796FC7DDA0475 /* PresentationIntent+Markdown.swift in Sources */,
				B65FB02D664E2855255B83BD /* MarkdownTextView.swift in Sources */,
				DAAC84993CCA7A06BECE1160 /* MarkdownLinkRouter.swift in Sources */,
				CE2BB0DE917DF50103F437D0 /* MemoryDiscovery.swift in Sources */,
				83F4F4D55A869046196F9D95 /* MemoryFileLister.swift in Sources */,
				AAAAAAAAAAAA000000000002 /* MemoryExporter.swift in Sources */,
				FC6840519CB5D64E43E39119 /* MemoryLoader.swift in Sources */,
				4F2FF239A538E9A0ECC40193 /* ProjectPathResolver.swift in Sources */,
				BF6A74EA872DAB2E79570E15 /* GitInspector.swift in Sources */,
				773401A935E76A12E1C78383 /* GitInspecting.swift in Sources */,
				AC586DFB96EB075EA319F604 /* Bundle+About.swift in Sources */,
				FF590DE1F188E177C1DC4134 /* String+Trimming.swift in Sources */,
			);
			runOnlyForDeploymentPostprocessing = 0;
		};
		05E975762FEA71990078F616 /* Sources */ = {
			isa = PBXSourcesBuildPhase;
			buildActionMask = 2147483647;
			files = (
				44614E8183B8FA3C0125BF7A /* AppModelTests.swift in Sources */,
				38A940538DA18D1E992E61A0 /* MarkdownRendererTests.swift in Sources */,
				B55CF93778570EA6150ED3DC /* MarkdownLinkRouterTests.swift in Sources */,
				73BC093BB188645FE0A88D92 /* GitInspectorTests.swift in Sources */,
				B445C5CE31CA431B4377A506 /* MemoryDiscoveryTests.swift in Sources */,
				4371C03799DFBBD2A6F3E055 /* MemoryFileListerTests.swift in Sources */,
				AAAAAAAAAAAA000000000004 /* MemoryExporterTests.swift in Sources */,
				F1AD92693E2DA5692ACA2847 /* MemoryLoaderTests.swift in Sources */,
				0C5B64778EAE45F24739D799 /* ProjectPathResolverTests.swift in Sources */,
				111D0CC491495DAE21B05A40 /* MemoriesTests.swift in Sources */,
			);
			runOnlyForDeploymentPostprocessing = 0;
		};
/* End PBXSourcesBuildPhase section */

/* Begin PBXTargetDependency section */
		05B18A352FEBC3410056553A /* PBXTargetDependency */ = {
			isa = PBXTargetDependency;
			name = SwiftUtilities;
			targetProxy = 05B18A342FEBC3410056553A /* PBXContainerItemProxy */;
		};
		05E9757C2FEA71990078F616 /* PBXTargetDependency */ = {
			isa = PBXTargetDependency;
			target = 05E9756C2FEA71980078F616 /* Memories */;
			targetProxy = 05E9757B2FEA71990078F616 /* PBXContainerItemProxy */;
		};
/* End PBXTargetDependency section */

/* Begin XCBuildConfiguration section */
		05E9758C2FEA71990078F616 /* Debug */ = {
			isa = XCBuildConfiguration;
			baseConfigurationReference = 05E976112FEA738B0078F616 /* Debug.xcconfig */;
			buildSettings = {
				MACOSX_DEPLOYMENT_TARGET = 15.6;
				SWIFT_VERSION = 6.0;
			};
			name = Debug;
		};
		05E9758D2FEA71990078F616 /* Release */ = {
			isa = XCBuildConfiguration;
			baseConfigurationReference = 05E976162FEA738B0078F616 /* Release.xcconfig */;
			buildSettings = {
				MACOSX_DEPLOYMENT_TARGET = 15.6;
				SWIFT_VERSION = 6.0;
			};
			name = Release;
		};
		05E9758F2FEA71990078F616 /* Debug */ = {
			isa = XCBuildConfiguration;
			buildSettings = {
				ASSETCATALOG_COMPILER_APPICON_NAME = AppIcon;
				ASSETCATALOG_COMPILER_GLOBAL_ACCENT_COLOR_NAME = AccentColor;
				CURRENT_PROJECT_VERSION = 1;
				GENERATE_INFOPLIST_FILE = YES;
				INFOPLIST_KEY_LSApplicationCategoryType = "public.app-category.developer-tools";
				INFOPLIST_KEY_NSHumanReadableCopyright = "Copyright © 2026 XS-Labs. All rights reserved.";
				LD_RUNPATH_SEARCH_PATHS = (
					"$(inherited)",
					"@executable_path/../Frameworks",
				);
				MARKETING_VERSION = 1.1.0;
				PRODUCT_BUNDLE_IDENTIFIER = "com.xs-labs.Memories";
				PRODUCT_NAME = "$(TARGET_NAME)";
			};
			name = Debug;
		};
		05E975902FEA71990078F616 /* Release */ = {
			isa = XCBuildConfiguration;
			buildSettings = {
				ASSETCATALOG_COMPILER_APPICON_NAME = AppIcon;
				ASSETCATALOG_COMPILER_GLOBAL_ACCENT_COLOR_NAME = AccentColor;
				CURRENT_PROJECT_VERSION = 1;
				GENERATE_INFOPLIST_FILE = YES;
				INFOPLIST_KEY_LSApplicationCategoryType = "public.app-category.developer-tools";
				INFOPLIST_KEY_NSHumanReadableCopyright = "Copyright © 2026 XS-Labs. All rights reserved.";
				LD_RUNPATH_SEARCH_PATHS = (
					"$(inherited)",
					"@executable_path/../Frameworks",
				);
				MARKETING_VERSION = 1.1.0;
				PRODUCT_BUNDLE_IDENTIFIER = "com.xs-labs.Memories";
				PRODUCT_NAME = "$(TARGET_NAME)";
			};
			name = Release;
		};
		05E975922FEA71990078F616 /* Debug */ = {
			isa = XCBuildConfiguration;
			buildSettings = {
				BUNDLE_LOADER = "$(TEST_HOST)";
				CURRENT_PROJECT_VERSION = 1;
				GENERATE_INFOPLIST_FILE = YES;
				MARKETING_VERSION = 1.1.0;
				PRODUCT_BUNDLE_IDENTIFIER = "com.xs-labs.MemoriesTests";
				PRODUCT_NAME = "$(TARGET_NAME)";
				TEST_HOST = "$(BUILT_PRODUCTS_DIR)/Memories.app/Contents/MacOS/Memories";
			};
			name = Debug;
		};
		05E975932FEA71990078F616 /* Release */ = {
			isa = XCBuildConfiguration;
			buildSettings = {
				BUNDLE_LOADER = "$(TEST_HOST)";
				CURRENT_PROJECT_VERSION = 1;
				GENERATE_INFOPLIST_FILE = YES;
				MARKETING_VERSION = 1.1.0;
				PRODUCT_BUNDLE_IDENTIFIER = "com.xs-labs.MemoriesTests";
				PRODUCT_NAME = "$(TARGET_NAME)";
				TEST_HOST = "$(BUILT_PRODUCTS_DIR)/Memories.app/Contents/MacOS/Memories";
			};
			name = Release;
		};
/* End XCBuildConfiguration section */

/* Begin XCConfigurationList section */
		05E975682FEA71980078F616 /* Build configuration list for PBXProject "Memories" */ = {
			isa = XCConfigurationList;
			buildConfigurations = (
				05E9758C2FEA71990078F616 /* Debug */,
				05E9758D2FEA71990078F616 /* Release */,
			);
			defaultConfigurationIsVisible = 0;
			defaultConfigurationName = Release;
		};
		05E9758E2FEA71990078F616 /* Build configuration list for PBXNativeTarget "Memories" */ = {
			isa = XCConfigurationList;
			buildConfigurations = (
				05E9758F2FEA71990078F616 /* Debug */,
				05E975902FEA71990078F616 /* Release */,
			);
			defaultConfigurationIsVisible = 0;
			defaultConfigurationName = Release;
		};
		05E975912FEA71990078F616 /* Build configuration list for PBXNativeTarget "MemoriesTests" */ = {
			isa = XCConfigurationList;
			buildConfigurations = (
				05E975922FEA71990078F616 /* Debug */,
				05E975932FEA71990078F616 /* Release */,
			);
			defaultConfigurationIsVisible = 0;
			defaultConfigurationName = Release;
		};
/* End XCConfigurationList section */
	};
	rootObject = 05E975652FEA71980078F616 /* Project object */;
}
